
Microsoft Visual Studio Solution File, Format Version 12.00
# Visual Studio Version 17
VisualStudioVersion = 17.14.37012.4 d17.14
MinimumVisualStudioVersion = 10.0.40219.1
Project("{FAE04EC0-301F-11D3-BF4B-00C04F79EFBC}") = "wavplayer", "wavplayer\wavplayer.csproj", "{54F4BB60-387E-4B95-8A71-0A505C340190}"
EndProject
Global
	GlobalSection(SolutionConfigurationPlatforms) = preSolution
		Debug|Any CPU = Debug|Any CPU
		Release|Any CPU = Release|Any CPU
	EndGlobalSection
	GlobalSection(ProjectConfigurationPlatforms) = postSolution
		{54F4BB60-387E-4B95-8A71-0A505C340190}.Debug|Any CPU.ActiveCfg = Debug|Any CPU
		{54F4BB60-387E-4B95-8A71-0A505C340190}.Debug|Any CPU.Build.0 = Debug|Any CPU
		{54F4BB60-387E-4B95-8A71-0A505C340190}.Release|Any CPU.ActiveCfg = Release|Any CPU
		{54F4BB60-387E-4B95-8A71-0A505C340190}.Release|Any CPU.Build.0 = Release|Any CPU
	EndGlobalSection
	GlobalSection(SolutionProperties) = preSolution
		HideSolutionNode = FALSE
	EndGlobalSection
	GlobalSection(ExtensibilityGlobals) = postSolution
		SolutionGuid = {243FA50C-8B29-41DF-9E7C-997B665C3366}
	EndGlobalSection
EndGlobal
